
Microsoft Visual Studio Solution File, Format Version 12.00
# Visual Studio 15
Project("{FAE04EC0-301F-11D3-BF4B-00C04F79EFBC}") = "CalculateAreaOfCircle", "CalculateAreaOfCircle\CalculateAreaOfCircle.csproj", "{518FD30C-BA98-43EE-9FC9-83BABB4A1545}"
EndProject
Global
	GlobalSection(SolutionConfigurationPlatforms) = preSolution
		Debug|x86 = Debug|x86
		Release|x86 = Release|x86
	EndGlobalSection
	GlobalSection(ProjectConfigurationPlatforms) = postSolution
		{518FD30C-BA98-43EE-9FC9-83BABB4A1545}.Debug|x86.ActiveCfg = Debug|x86
		{518FD30C-BA98-43EE-9FC9-83BABB4A1545}.Debug|x86.Build.0 = Debug|x86
		{518FD30C-BA98-43EE-9FC9-83BABB4A1545}.Release|x86.ActiveCfg = Release|x86
		{518FD30C-BA98-43EE-9FC9-83BABB4A1545}.Release|x86.Build.0 = Release|x86
	EndGlobalSection
EndGlobal
