
Microsoft Visual Studio Solution File, Format Version 12.00
# Visual Studio 15
VisualStudioVersion = 15.0.28307.168
MinimumVisualStudioVersion = 10.0.40219.1
Project("{FAE04EC0-301F-11D3-BF4B-00C04F79EFBC}") = "foreachsimple", "foreachsimple\foreachsimple.csproj", "{E70CD41F-89A2-4ADE-A7AC-113D0143E229}"
EndProject
Global
	GlobalSection(SolutionConfigurationPlatforms) = preSolution
		Debug|Any CPU = Debug|Any CPU
		Release|Any CPU = Release|Any CPU
	EndGlobalSection
	GlobalSection(ProjectConfigurationPlatforms) = postSolution
		{E70CD41F-89A2-4ADE-A7AC-113D0143E229}.Debug|Any CPU.ActiveCfg = Debug|Any CPU
		{E70CD41F-89A2-4ADE-A7AC-113D0143E229}.Debug|Any CPU.Build.0 = Debug|Any CPU
		{E70CD41F-89A2-4ADE-A7AC-113D0143E229}.Release|Any CPU.ActiveCfg = Release|Any CPU
		{E70CD41F-89A2-4ADE-A7AC-113D0143E229}.Release|Any CPU.Build.0 = Release|Any CPU
	EndGlobalSection
	GlobalSection(SolutionProperties) = preSolution
		HideSolutionNode = FALSE
	EndGlobalSection
	GlobalSection(ExtensibilityGlobals) = postSolution
		SolutionGuid = {F3661371-5C94-4EA6-9E0C-6C3A77BA372E}
	EndGlobalSection
EndGlobal
