
Microsoft Visual Studio Solution File, Format Version 12.00
# Visual Studio 15
VisualStudioVersion = 15.0.28307.168
MinimumVisualStudioVersion = 10.0.40219.1
Project("{FAE04EC0-301F-11D3-BF4B-00C04F79EFBC}") = "linkedlist", "linkedlist\linkedlist.csproj", "{14B269A9-C0F2-447F-885A-C40FC3E563F5}"
EndProject
Global
	GlobalSection(SolutionConfigurationPlatforms) = preSolution
		Debug|Any CPU = Debug|Any CPU
		Release|Any CPU = Release|Any CPU
	EndGlobalSection
	GlobalSection(ProjectConfigurationPlatforms) = postSolution
		{14B269A9-C0F2-447F-885A-C40FC3E563F5}.Debug|Any CPU.ActiveCfg = Debug|Any CPU
		{14B269A9-C0F2-447F-885A-C40FC3E563F5}.Debug|Any CPU.Build.0 = Debug|Any CPU
		{14B269A9-C0F2-447F-885A-C40FC3E563F5}.Release|Any CPU.ActiveCfg = Release|Any CPU
		{14B269A9-C0F2-447F-885A-C40FC3E563F5}.Release|Any CPU.Build.0 = Release|Any CPU
	EndGlobalSection
	GlobalSection(SolutionProperties) = preSolution
		HideSolutionNode = FALSE
	EndGlobalSection
	GlobalSection(ExtensibilityGlobals) = postSolution
		SolutionGuid = {B5D59F87-0B09-48AC-8888-20310A3D47FB}
	EndGlobalSection
EndGlobal
