
Microsoft Visual Studio Solution File, Format Version 12.00
# Visual Studio 15
VisualStudioVersion = 15.0.28307.168
MinimumVisualStudioVersion = 10.0.40219.1
Project("{FAE04EC0-301F-11D3-BF4B-00C04F79EFBC}") = "foreachMultiArray", "foreachMultiArray\foreachMultiArray.csproj", "{7D84FB79-B583-4EFD-BA50-216C7A189B90}"
EndProject
Global
	GlobalSection(SolutionConfigurationPlatforms) = preSolution
		Debug|Any CPU = Debug|Any CPU
		Release|Any CPU = Release|Any CPU
	EndGlobalSection
	GlobalSection(ProjectConfigurationPlatforms) = postSolution
		{7D84FB79-B583-4EFD-BA50-216C7A189B90}.Debug|Any CPU.ActiveCfg = Debug|Any CPU
		{7D84FB79-B583-4EFD-BA50-216C7A189B90}.Debug|Any CPU.Build.0 = Debug|Any CPU
		{7D84FB79-B583-4EFD-BA50-216C7A189B90}.Release|Any CPU.ActiveCfg = Release|Any CPU
		{7D84FB79-B583-4EFD-BA50-216C7A189B90}.Release|Any CPU.Build.0 = Release|Any CPU
	EndGlobalSection
	GlobalSection(SolutionProperties) = preSolution
		HideSolutionNode = FALSE
	EndGlobalSection
	GlobalSection(ExtensibilityGlobals) = postSolution
		SolutionGuid = {301577D9-F784-4E55-A5CD-3F8564413F38}
	EndGlobalSection
EndGlobal
